// !$*UTF8*$!
{
	archiveVersion = 1;
	classes = {
	};
	objectVersion = 46;
	objects = {

/* Begin PBXBuildFile section */
		172F75597BD34F38B3E45664 /* libPods.a in Frameworks */ = {isa = PBXBuildFile; fileRef = 7F79047F4EC44DC99B18943E /* libPods.a */; };
		6B8D66801822A6500024C694 /* vk_backspace_button_ios7@2x.png in Resources */ = {isa = PBXBuildFile; fileRef = 6B8D667E1822A6500024C694 /* vk_backspace_button_ios7@2x.png */; };
		6B8D66811822A6500024C694 /* vk_backspace_button_pressed_ios7@2x.png in Resources */ = {isa = PBXBuildFile; fileRef = 6B8D667F1822A6500024C694 /* vk_backspace_button_pressed_ios7@2x.png */; };
		6BD7F6DE1822697400B511A0 /* vk_message_bubble_incoming_ios7@2x.png in Resources */ = {isa = PBXBuildFile; fileRef = 6BD7F6DC1822697400B511A0 /* vk_message_bubble_incoming_ios7@2x.png */; };
		6BD7F6DF1822697400B511A0 /* vk_message_bubble_outgouing_ios7@2x.png in Resources */ = {isa = PBXBuildFile; fileRef = 6BD7F6DD1822697400B511A0 /* vk_message_bubble_outgouing_ios7@2x.png */; };
		F313D9A51884015E00AEDFE2 /* VKBubbleCell+VKTextBubbleCell.m in Sources */ = {isa = PBXBuildFile; fileRef = F313D9A41884015E00AEDFE2 /* VKBubbleCell+VKTextBubbleCell.m */; };
		F313D9AC18840C8600AEDFE2 /* VKBubbleView+VKDefaultBubbleView.m in Sources */ = {isa = PBXBuildFile; fileRef = F313D9AB18840C8600AEDFE2 /* VKBubbleView+VKDefaultBubbleView.m */; };
		F313D9AF1884137F00AEDFE2 /* VKBaseBubbleCell.m in Sources */ = {isa = PBXBuildFile; fileRef = F313D9AE1884137F00AEDFE2 /* VKBaseBubbleCell.m */; };
		F31F288A1861DA9800816330 /* UIActionSheet+VKBlocks.m in Sources */ = {isa = PBXBuildFile; fileRef = F31F28891861DA9800816330 /* UIActionSheet+VKBlocks.m */; };
		F3574D6817BE2A1700471785 /* UIKit.framework in Frameworks */ = {isa = PBXBuildFile; fileRef = F3574D6717BE2A1700471785 /* UIKit.framework */; };
		F3574D6A17BE2A1700471785 /* Foundation.framework in Frameworks */ = {isa = PBXBuildFile; fileRef = F3574D6917BE2A1700471785 /* Foundation.framework */; };
		F3574D6C17BE2A1700471785 /* CoreGraphics.framework in Frameworks */ = {isa = PBXBuildFile; fileRef = F3574D6B17BE2A1700471785 /* CoreGraphics.framework */; };
		F3574D7217BE2A1700471785 /* InfoPlist.strings in Resources */ = {isa = PBXBuildFile; fileRef = F3574D7017BE2A1700471785 /* InfoPlist.strings */; };
		F3574D7417BE2A1700471785 /* main.m in Sources */ = {isa = PBXBuildFile; fileRef = F3574D7317BE2A1700471785 /* main.m */; };
		F3574D7817BE2A1700471785 /* VKAppDelegate.m in Sources */ = {isa = PBXBuildFile; fileRef = F3574D7717BE2A1700471785 /* VKAppDelegate.m */; };
		F3574D7A17BE2A1700471785 /* Default.png in Resources */ = {isa = PBXBuildFile; fileRef = F3574D7917BE2A1700471785 /* Default.png */; };
		F3574D7C17BE2A1700471785 /* Default@2x.png in Resources */ = {isa = PBXBuildFile; fileRef = F3574D7B17BE2A1700471785 /* Default@2x.png */; };
		F3574D7E17BE2A1700471785 /* Default-568h@2x.png in Resources */ = {isa = PBXBuildFile; fileRef = F3574D7D17BE2A1700471785 /* Default-568h@2x.png */; };
		F3574D8117BE2A1700471785 /* MainStoryboard.storyboard in Resources */ = {isa = PBXBuildFile; fileRef = F3574D7F17BE2A1700471785 /* MainStoryboard.storyboard */; };
		F3574D9A17BE402E00471785 /* VKBubbleView.m in Sources */ = {isa = PBXBuildFile; fileRef = F3574D9117BE402E00471785 /* VKBubbleView.m */; };
		F3574D9B17BE402E00471785 /* VKBubbleViewProperties.m in Sources */ = {isa = PBXBuildFile; fileRef = F3574D9317BE402E00471785 /* VKBubbleViewProperties.m */; };
		F3574D9C17BE402E00471785 /* VKBubbleCell.m in Sources */ = {isa = PBXBuildFile; fileRef = F3574D9517BE402E00471785 /* VKBubbleCell.m */; };
		F3574D9D17BE402E00471785 /* VKTableView.m in Sources */ = {isa = PBXBuildFile; fileRef = F3574D9717BE402E00471785 /* VKTableView.m */; };
		F3574D9E17BE402E00471785 /* VKMessagesViewController.m in Sources */ = {isa = PBXBuildFile; fileRef = F3574D9917BE402E00471785 /* VKMessagesViewController.m */; };
		F3574DA317BE417700471785 /* VKEmojiPicker.m in Sources */ = {isa = PBXBuildFile; fileRef = F3574D9F17BE417600471785 /* VKEmojiPicker.m */; };
		F3574DA417BE417700471785 /* VKEmojiPicker+style.m in Sources */ = {isa = PBXBuildFile; fileRef = F3574DA017BE417600471785 /* VKEmojiPicker+style.m */; };
		F3574DA817BE422900471785 /* NSString+deletingLastSymbol.m in Sources */ = {isa = PBXBuildFile; fileRef = F3574DA717BE422900471785 /* NSString+deletingLastSymbol.m */; };
		F3574DAB17BE42B800471785 /* VKMenuControllerPresenter.m in Sources */ = {isa = PBXBuildFile; fileRef = F3574DAA17BE42B700471785 /* VKMenuControllerPresenter.m */; };
		F3574DAE17BE430600471785 /* UIViewController+firstResponder.m in Sources */ = {isa = PBXBuildFile; fileRef = F3574DAD17BE430600471785 /* UIViewController+firstResponder.m */; };
		F3574DB117BE439800471785 /* UIResponder+FirstResponder.m in Sources */ = {isa = PBXBuildFile; fileRef = F3574DB017BE439800471785 /* UIResponder+FirstResponder.m */; };
		F3574DC917BE4C8200471785 /* VKViewController.m in Sources */ = {isa = PBXBuildFile; fileRef = F3574DC817BE4C8200471785 /* VKViewController.m */; };
		F3574DD317BE4FF100471785 /* vk_backspace_button.png in Resources */ = {isa = PBXBuildFile; fileRef = F3574DCB17BE4FF100471785 /* vk_backspace_button.png */; };
		F3574DD417BE4FF100471785 /* vk_backspace_button@2x.png in Resources */ = {isa = PBXBuildFile; fileRef = F3574DCC17BE4FF100471785 /* vk_backspace_button@2x.png */; };
		F3574DD517BE4FF100471785 /* vk_backspace_button_pressed.png in Resources */ = {isa = PBXBuildFile; fileRef = F3574DCD17BE4FF100471785 /* vk_backspace_button_pressed.png */; };
		F3574DD617BE4FF100471785 /* vk_backspace_button_pressed@2x.png in Resources */ = {isa = PBXBuildFile; fileRef = F3574DCE17BE4FF100471785 /* vk_backspace_button_pressed@2x.png */; };
		F3574DD717BE4FF100471785 /* vk_keyboard_back.png in Resources */ = {isa = PBXBuildFile; fileRef = F3574DCF17BE4FF100471785 /* vk_keyboard_back.png */; };
		F3574DD817BE4FF100471785 /* vk_keyboard_back@2x.png in Resources */ = {isa = PBXBuildFile; fileRef = F3574DD017BE4FF100471785 /* vk_keyboard_back@2x.png */; };
		F3574DD917BE4FF100471785 /* vk_keyboard_overlay.png in Resources */ = {isa = PBXBuildFile; fileRef = F3574DD117BE4FF100471785 /* vk_keyboard_overlay.png */; };
		F3574DDA17BE4FF100471785 /* vk_keyboard_overlay@2x.png in Resources */ = {isa = PBXBuildFile; fileRef = F3574DD217BE4FF100471785 /* vk_keyboard_overlay@2x.png */; };
		F3574DE717BE508200471785 /* vk_message_bubble_outgouing_selected.png in Resources */ = {isa = PBXBuildFile; fileRef = F3574DDB17BE508200471785 /* vk_message_bubble_outgouing_selected.png */; };
		F3574DE817BE508200471785 /* vk_message_bubble_incoming_selected.png in Resources */ = {isa = PBXBuildFile; fileRef = F3574DDC17BE508200471785 /* vk_message_bubble_incoming_selected.png */; };
		F3574DE917BE508200471785 /* vk_message_bubble_incoming_selected@2x.png in Resources */ = {isa = PBXBuildFile; fileRef = F3574DDD17BE508200471785 /* vk_message_bubble_incoming_selected@2x.png */; };
		F3574DEA17BE508200471785 /* vk_message_bubble_incoming.png in Resources */ = {isa = PBXBuildFile; fileRef = F3574DDE17BE508200471785 /* vk_message_bubble_incoming.png */; };
		F3574DEB17BE508200471785 /* vk_message_bubble_incoming@2x.png in Resources */ = {isa = PBXBuildFile; fileRef = F3574DDF17BE508200471785 /* vk_message_bubble_incoming@2x.png */; };
		F3574DEC17BE508200471785 /* vk_message_bubble_outgouing_selected@2x.png in Resources */ = {isa = PBXBuildFile; fileRef = F3574DE017BE508200471785 /* vk_message_bubble_outgouing_selected@2x.png */; };
		F3574DED17BE508200471785 /* vk_message_bubble_outgouing.png in Resources */ = {isa = PBXBuildFile; fileRef = F3574DE117BE508200471785 /* vk_message_bubble_outgouing.png */; };
		F3574DEE17BE508200471785 /* vk_message_bubble_outgouing@2x.png in Resources */ = {isa = PBXBuildFile; fileRef = F3574DE217BE508200471785 /* vk_message_bubble_outgouing@2x.png */; };
		F3574DEF17BE508200471785 /* vk_pagecontrol_empty.png in Resources */ = {isa = PBXBuildFile; fileRef = F3574DE317BE508200471785 /* vk_pagecontrol_empty.png */; };
		F3574DF017BE508200471785 /* vk_pagecontrol_empty@2x.png in Resources */ = {isa = PBXBuildFile; fileRef = F3574DE417BE508200471785 /* vk_pagecontrol_empty@2x.png */; };
		F3574DF117BE508200471785 /* vk_pagecontrol_selected.png in Resources */ = {isa = PBXBuildFile; fileRef = F3574DE517BE508200471785 /* vk_pagecontrol_selected.png */; };
		F3574DF217BE508200471785 /* vk_pagecontrol_selected@2x.png in Resources */ = {isa = PBXBuildFile; fileRef = F3574DE617BE508200471785 /* vk_pagecontrol_selected@2x.png */; };
		F393747D186C8851004F0416 /* VKTextBubbleViewProperties.m in Sources */ = {isa = PBXBuildFile; fileRef = F393747C186C8850004F0416 /* VKTextBubbleViewProperties.m */; };
		F3A9B92F185F12C20095877C /* VKMessagesViewController+VKEmojiPicker.m in Sources */ = {isa = PBXBuildFile; fileRef = F3A9B92E185F12C20095877C /* VKMessagesViewController+VKEmojiPicker.m */; };
		F3D10DDA1869DB72009C03D0 /* VKTextBubbleView.m in Sources */ = {isa = PBXBuildFile; fileRef = F3D10DD91869DB72009C03D0 /* VKTextBubbleView.m */; };
/* End PBXBuildFile section */

/* Begin PBXFileReference section */
		6B8D667E1822A6500024C694 /* vk_backspace_button_ios7@2x.png */ = {isa = PBXFileReference; lastKnownFileType = image.png; path = "vk_backspace_button_ios7@2x.png"; sourceTree = "<group>"; };
		6B8D667F1822A6500024C694 /* vk_backspace_button_pressed_ios7@2x.png */ = {isa = PBXFileReference; lastKnownFileType = image.png; path = "vk_backspace_button_pressed_ios7@2x.png"; sourceTree = "<group>"; };
		6BD7F6DC1822697400B511A0 /* vk_message_bubble_incoming_ios7@2x.png */ = {isa = PBXFileReference; lastKnownFileType = image.png; path = "vk_message_bubble_incoming_ios7@2x.png"; sourceTree = "<group>"; };
		6BD7F6DD1822697400B511A0 /* vk_message_bubble_outgouing_ios7@2x.png */ = {isa = PBXFileReference; lastKnownFileType = image.png; path = "vk_message_bubble_outgouing_ios7@2x.png"; sourceTree = "<group>"; };
		6BD7F6E018226A0700B511A0 /* VKiOSVersionCheck.h */ = {isa = PBXFileReference; lastKnownFileType = sourcecode.c.h; path = VKiOSVersionCheck.h; sourceTree = "<group>"; };
		7F79047F4EC44DC99B18943E /* libPods.a */ = {isa = PBXFileReference; explicitFileType = archive.ar; includeInIndex = 0; path = libPods.a; sourceTree = BUILT_PRODUCTS_DIR; };
		F313D9A31884015E00AEDFE2 /* VKBubbleCell+VKTextBubbleCell.h */ = {isa = PBXFileReference; fileEncoding = 4; lastKnownFileType = sourcecode.c.h; name = "VKBubbleCell+VKTextBubbleCell.h"; path = "Views/VKBubbleCell+VKTextBubbleCell.h"; sourceTree = "<group>"; };
		F313D9A41884015E00AEDFE2 /* VKBubbleCell+VKTextBubbleCell.m */ = {isa = PBXFileReference; fileEncoding = 4; lastKnownFileType = sourcecode.c.objc; name = "VKBubbleCell+VKTextBubbleCell.m"; path = "Views/VKBubbleCell+VKTextBubbleCell.m"; sourceTree = "<group>"; };
		F313D9AA18840C8600AEDFE2 /* VKBubbleView+VKDefaultBubbleView.h */ = {isa = PBXFileReference; fileEncoding = 4; lastKnownFileType = sourcecode.c.h; path = "VKBubbleView+VKDefaultBubbleView.h"; sourceTree = "<group>"; };
		F313D9AB18840C8600AEDFE2 /* VKBubbleView+VKDefaultBubbleView.m */ = {isa = PBXFileReference; fileEncoding = 4; lastKnownFileType = sourcecode.c.objc; path = "VKBubbleView+VKDefaultBubbleView.m"; sourceTree = "<group>"; };
		F313D9AD1884137F00AEDFE2 /* VKBaseBubbleCell.h */ = {isa = PBXFileReference; fileEncoding = 4; lastKnownFileType = sourcecode.c.h; path = VKBaseBubbleCell.h; sourceTree = "<group>"; };
		F313D9AE1884137F00AEDFE2 /* VKBaseBubbleCell.m */ = {isa = PBXFileReference; fileEncoding = 4; lastKnownFileType = sourcecode.c.objc; path = VKBaseBubbleCell.m; sourceTree = "<group>"; };
		F31F28881861DA9800816330 /* UIActionSheet+VKBlocks.h */ = {isa = PBXFileReference; fileEncoding = 4; lastKnownFileType = sourcecode.c.h; path = "UIActionSheet+VKBlocks.h"; sourceTree = "<group>"; };
		F31F28891861DA9800816330 /* UIActionSheet+VKBlocks.m */ = {isa = PBXFileReference; fileEncoding = 4; lastKnownFileType = sourcecode.c.objc; path = "UIActionSheet+VKBlocks.m"; sourceTree = "<group>"; };
		F3574D6417BE2A1700471785 /* VKMessagesViewControllerTest.app */ = {isa = PBXFileReference; explicitFileType = wrapper.application; includeInIndex = 0; path = VKMessagesViewControllerTest.app; sourceTree = BUILT_PRODUCTS_DIR; };
		F3574D6717BE2A1700471785 /* UIKit.framework */ = {isa = PBXFileReference; lastKnownFileType = wrapper.framework; name = UIKit.framework; path = System/Library/Frameworks/UIKit.framework; sourceTree = SDKROOT; };
		F3574D6917BE2A1700471785 /* Foundation.framework */ = {isa = PBXFileReference; lastKnownFileType = wrapper.framework; name = Foundation.framework; path = System/Library/Frameworks/Foundation.framework; sourceTree = SDKROOT; };
		F3574D6B17BE2A1700471785 /* CoreGraphics.framework */ = {isa = PBXFileReference; lastKnownFileType = wrapper.framework; name = CoreGraphics.framework; path = System/Library/Frameworks/CoreGraphics.framework; sourceTree = SDKROOT; };
		F3574D6F17BE2A1700471785 /* VKMessagesViewControllerTest-Info.plist */ = {isa = PBXFileReference; lastKnownFileType = text.plist.xml; path = "VKMessagesViewControllerTest-Info.plist"; sourceTree = "<group>"; };
		F3574D7117BE2A1700471785 /* en */ = {isa = PBXFileReference; lastKnownFileType = text.plist.strings; name = en; path = en.lproj/InfoPlist.strings; sourceTree = "<group>"; };
		F3574D7317BE2A1700471785 /* main.m */ = {isa = PBXFileReference; lastKnownFileType = sourcecode.c.objc; path = main.m; sourceTree = "<group>"; };
		F3574D7517BE2A1700471785 /* VKMessagesViewControllerTest-Prefix.pch */ = {isa = PBXFileReference; lastKnownFileType = sourcecode.c.h; path = "VKMessagesViewControllerTest-Prefix.pch"; sourceTree = "<group>"; };
		F3574D7617BE2A1700471785 /* VKAppDelegate.h */ = {isa = PBXFileReference; lastKnownFileType = sourcecode.c.h; path = VKAppDelegate.h; sourceTree = "<group>"; };
		F3574D7717BE2A1700471785 /* VKAppDelegate.m */ = {isa = PBXFileReference; lastKnownFileType = sourcecode.c.objc; path = VKAppDelegate.m; sourceTree = "<group>"; };
		F3574D7917BE2A1700471785 /* Default.png */ = {isa = PBXFileReference; lastKnownFileType = image.png; path = Default.png; sourceTree = "<group>"; };
		F3574D7B17BE2A1700471785 /* Default@2x.png */ = {isa = PBXFileReference; lastKnownFileType = image.png; path = "Default@2x.png"; sourceTree = "<group>"; };
		F3574D7D17BE2A1700471785 /* Default-568h@2x.png */ = {isa = PBXFileReference; lastKnownFileType = image.png; path = "Default-568h@2x.png"; sourceTree = "<group>"; };
		F3574D8017BE2A1700471785 /* en */ = {isa = PBXFileReference; lastKnownFileType = file.storyboard; name = en; path = en.lproj/MainStoryboard.storyboard; sourceTree = "<group>"; };
		F3574D9017BE402E00471785 /* VKBubbleView.h */ = {isa = PBXFileReference; fileEncoding = 4; lastKnownFileType = sourcecode.c.h; path = VKBubbleView.h; sourceTree = "<group>"; };
		F3574D9117BE402E00471785 /* VKBubbleView.m */ = {isa = PBXFileReference; fileEncoding = 4; lastKnownFileType = sourcecode.c.objc; path = VKBubbleView.m; sourceTree = "<group>"; };
		F3574D9217BE402E00471785 /* VKBubbleViewProperties.h */ = {isa = PBXFileReference; fileEncoding = 4; lastKnownFileType = sourcecode.c.h; path = VKBubbleViewProperties.h; sourceTree = "<group>"; };
		F3574D9317BE402E00471785 /* VKBubbleViewProperties.m */ = {isa = PBXFileReference; fileEncoding = 4; lastKnownFileType = sourcecode.c.objc; path = VKBubbleViewProperties.m; sourceTree = "<group>"; };
		F3574D9417BE402E00471785 /* VKBubbleCell.h */ = {isa = PBXFileReference; fileEncoding = 4; lastKnownFileType = sourcecode.c.h; path = VKBubbleCell.h; sourceTree = "<group>"; };
		F3574D9517BE402E00471785 /* VKBubbleCell.m */ = {isa = PBXFileReference; fileEncoding = 4; lastKnownFileType = sourcecode.c.objc; path = VKBubbleCell.m; sourceTree = "<group>"; };
		F3574D9617BE402E00471785 /* VKTableView.h */ = {isa = PBXFileReference; fileEncoding = 4; lastKnownFileType = sourcecode.c.h; path = VKTableView.h; sourceTree = "<group>"; };
		F3574D9717BE402E00471785 /* VKTableView.m */ = {isa = PBXFileReference; fileEncoding = 4; lastKnownFileType = sourcecode.c.objc; path = VKTableView.m; sourceTree = "<group>"; };
		F3574D9817BE402E00471785 /* VKMessagesViewController.h */ = {isa = PBXFileReference; fileEncoding = 4; lastKnownFileType = sourcecode.c.h; path = VKMessagesViewController.h; sourceTree = "<group>"; };
		F3574D9917BE402E00471785 /* VKMessagesViewController.m */ = {isa = PBXFileReference; fileEncoding = 4; lastKnownFileType = sourcecode.c.objc; path = VKMessagesViewController.m; sourceTree = "<group>"; };
		F3574D9F17BE417600471785 /* VKEmojiPicker.m */ = {isa = PBXFileReference; fileEncoding = 4; lastKnownFileType = sourcecode.c.objc; path = VKEmojiPicker.m; sourceTree = "<group>"; };
		F3574DA017BE417600471785 /* VKEmojiPicker+style.m */ = {isa = PBXFileReference; fileEncoding = 4; lastKnownFileType = sourcecode.c.objc; path = "VKEmojiPicker+style.m"; sourceTree = "<group>"; };
		F3574DA117BE417700471785 /* VKEmojiPicker.h */ = {isa = PBXFileReference; fileEncoding = 4; lastKnownFileType = sourcecode.c.h; path = VKEmojiPicker.h; sourceTree = "<group>"; };
		F3574DA217BE417700471785 /* VKEmojiPicker+style.h */ = {isa = PBXFileReference; fileEncoding = 4; lastKnownFileType = sourcecode.c.h; path = "VKEmojiPicker+style.h"; sourceTree = "<group>"; };
		F3574DA617BE422900471785 /* NSString+deletingLastSymbol.h */ = {isa = PBXFileReference; fileEncoding = 4; lastKnownFileType = sourcecode.c.h; path = "NSString+deletingLastSymbol.h"; sourceTree = "<group>"; };
		F3574DA717BE422900471785 /* NSString+deletingLastSymbol.m */ = {isa = PBXFileReference; fileEncoding = 4; lastKnownFileType = sourcecode.c.objc; path = "NSString+deletingLastSymbol.m"; sourceTree = "<group>"; };
		F3574DA917BE42B700471785 /* VKMenuControllerPresenter.h */ = {isa = PBXFileReference; fileEncoding = 4; lastKnownFileType = sourcecode.c.h; path = VKMenuControllerPresenter.h; sourceTree = "<group>"; };
		F3574DAA17BE42B700471785 /* VKMenuControllerPresenter.m */ = {isa = PBXFileReference; fileEncoding = 4; lastKnownFileType = sourcecode.c.objc; path = VKMenuControllerPresenter.m; sourceTree = "<group>"; };
		F3574DAC17BE430600471785 /* UIViewController+firstResponder.h */ = {isa = PBXFileReference; fileEncoding = 4; lastKnownFileType = sourcecode.c.h; path = "UIViewController+firstResponder.h"; sourceTree = "<group>"; };
		F3574DAD17BE430600471785 /* UIViewController+firstResponder.m */ = {isa = PBXFileReference; fileEncoding = 4; lastKnownFileType = sourcecode.c.objc; path = "UIViewController+firstResponder.m"; sourceTree = "<group>"; };
		F3574DAF17BE439700471785 /* UIResponder+FirstResponder.h */ = {isa = PBXFileReference; fileEncoding = 4; lastKnownFileType = sourcecode.c.h; path = "UIResponder+FirstResponder.h"; sourceTree = "<group>"; };
		F3574DB017BE439800471785 /* UIResponder+FirstResponder.m */ = {isa = PBXFileReference; fileEncoding = 4; lastKnownFileType = sourcecode.c.objc; path = "UIResponder+FirstResponder.m"; sourceTree = "<group>"; };
		F3574DC717BE4C8200471785 /* VKViewController.h */ = {isa = PBXFileReference; fileEncoding = 4; lastKnownFileType = sourcecode.c.h; path = VKViewController.h; sourceTree = "<group>"; };
		F3574DC817BE4C8200471785 /* VKViewController.m */ = {isa = PBXFileReference; fileEncoding = 4; lastKnownFileType = sourcecode.c.objc; path = VKViewController.m; sourceTree = "<group>"; };
		F3574DCB17BE4FF100471785 /* vk_backspace_button.png */ = {isa = PBXFileReference; lastKnownFileType = image.png; path = vk_backspace_button.png; sourceTree = "<group>"; };
		F3574DCC17BE4FF100471785 /* vk_backspace_button@2x.png */ = {isa = PBXFileReference; lastKnownFileType = image.png; path = "vk_backspace_button@2x.png"; sourceTree = "<group>"; };
		F3574DCD17BE4FF100471785 /* vk_backspace_button_pressed.png */ = {isa = PBXFileReference; lastKnownFileType = image.png; path = vk_backspace_button_pressed.png; sourceTree = "<group>"; };
		F3574DCE17BE4FF100471785 /* vk_backspace_button_pressed@2x.png */ = {isa = PBXFileReference; lastKnownFileType = image.png; path = "vk_backspace_button_pressed@2x.png"; sourceTree = "<group>"; };
		F3574DCF17BE4FF100471785 /* vk_keyboard_back.png */ = {isa = PBXFileReference; lastKnownFileType = image.png; path = vk_keyboard_back.png; sourceTree = "<group>"; };
		F3574DD017BE4FF100471785 /* vk_keyboard_back@2x.png */ = {isa = PBXFileReference; lastKnownFileType = image.png; path = "vk_keyboard_back@2x.png"; sourceTree = "<group>"; };
		F3574DD117BE4FF100471785 /* vk_keyboard_overlay.png */ = {isa = PBXFileReference; lastKnownFileType = image.png; path = vk_keyboard_overlay.png; sourceTree = "<group>"; };
		F3574DD217BE4FF100471785 /* vk_keyboard_overlay@2x.png */ = {isa = PBXFileReference; lastKnownFileType = image.png; path = "vk_keyboard_overlay@2x.png"; sourceTree = "<group>"; };
		F3574DDB17BE508200471785 /* vk_message_bubble_outgouing_selected.png */ = {isa = PBXFileReference; lastKnownFileType = image.png; path = vk_message_bubble_outgouing_selected.png; sourceTree = "<group>"; };
		F3574DDC17BE508200471785 /* vk_message_bubble_incoming_selected.png */ = {isa = PBXFileReference; lastKnownFileType = image.png; path = vk_message_bubble_incoming_selected.png; sourceTree = "<group>"; };
		F3574DDD17BE508200471785 /* vk_message_bubble_incoming_selected@2x.png */ = {isa = PBXFileReference; lastKnownFileType = image.png; path = "vk_message_bubble_incoming_selected@2x.png"; sourceTree = "<group>"; };
		F3574DDE17BE508200471785 /* vk_message_bubble_incoming.png */ = {isa = PBXFileReference; lastKnownFileType = image.png; path = vk_message_bubble_incoming.png; sourceTree = "<group>"; };
		F3574DDF17BE508200471785 /* vk_message_bubble_incoming@2x.png */ = {isa = PBXFileReference; lastKnownFileType = image.png; path = "vk_message_bubble_incoming@2x.png"; sourceTree = "<group>"; };
		F3574DE017BE508200471785 /* vk_message_bubble_outgouing_selected@2x.png */ = {isa = PBXFileReference; lastKnownFileType = image.png; path = "vk_message_bubble_outgouing_selected@2x.png"; sourceTree = "<group>"; };
		F3574DE117BE508200471785 /* vk_message_bubble_outgouing.png */ = {isa = PBXFileReference; lastKnownFileType = image.png; path = vk_message_bubble_outgouing.png; sourceTree = "<group>"; };
		F3574DE217BE508200471785 /* vk_message_bubble_outgouing@2x.png */ = {isa = PBXFileReference; lastKnownFileType = image.png; path = "vk_message_bubble_outgouing@2x.png"; sourceTree = "<group>"; };
		F3574DE317BE508200471785 /* vk_pagecontrol_empty.png */ = {isa = PBXFileReference; lastKnownFileType = image.png; path = vk_pagecontrol_empty.png; sourceTree = "<group>"; };
		F3574DE417BE508200471785 /* vk_pagecontrol_empty@2x.png */ = {isa = PBXFileReference; lastKnownFileType = image.png; path = "vk_pagecontrol_empty@2x.png"; sourceTree = "<group>"; };
		F3574DE517BE508200471785 /* vk_pagecontrol_selected.png */ = {isa = PBXFileReference; lastKnownFileType = image.png; path = vk_pagecontrol_selected.png; sourceTree = "<group>"; };
		F3574DE617BE508200471785 /* vk_pagecontrol_selected@2x.png */ = {isa = PBXFileReference; lastKnownFileType = image.png; path = "vk_pagecontrol_selected@2x.png"; sourceTree = "<group>"; };
		F393747B186C8850004F0416 /* VKTextBubbleViewProperties.h */ = {isa = PBXFileReference; fileEncoding = 4; lastKnownFileType = sourcecode.c.h; path = VKTextBubbleViewProperties.h; sourceTree = "<group>"; };
		F393747C186C8850004F0416 /* VKTextBubbleViewProperties.m */ = {isa = PBXFileReference; fileEncoding = 4; lastKnownFileType = sourcecode.c.objc; path = VKTextBubbleViewProperties.m; sourceTree = "<group>"; };
		F3A9B92D185F12C10095877C /* VKMessagesViewController+VKEmojiPicker.h */ = {isa = PBXFileReference; fileEncoding = 4; lastKnownFileType = sourcecode.c.h; path = "VKMessagesViewController+VKEmojiPicker.h"; sourceTree = "<group>"; };
		F3A9B92E185F12C20095877C /* VKMessagesViewController+VKEmojiPicker.m */ = {isa = PBXFileReference; fileEncoding = 4; lastKnownFileType = sourcecode.c.objc; path = "VKMessagesViewController+VKEmojiPicker.m"; sourceTree = "<group>"; };
		F3D10DD81869DB72009C03D0 /* VKTextBubbleView.h */ = {isa = PBXFileReference; fileEncoding = 4; lastKnownFileType = sourcecode.c.h; path = VKTextBubbleView.h; sourceTree = "<group>"; };
		F3D10DD91869DB72009C03D0 /* VKTextBubbleView.m */ = {isa = PBXFileReference; fileEncoding = 4; lastKnownFileType = sourcecode.c.objc; path = VKTextBubbleView.m; sourceTree = "<group>"; };
		FCD27B2892614628A26C8BF2 /* Pods.xcconfig */ = {isa = PBXFileReference; includeInIndex = 1; lastKnownFileType = text.xcconfig; name = Pods.xcconfig; path = Pods/Pods.xcconfig; sourceTree = SOURCE_ROOT; };
/* End PBXFileReference section */

/* Begin PBXFrameworksBuildPhase section */
		F3574D6117BE2A1700471785 /* Frameworks */ = {
			isa = PBXFrameworksBuildPhase;
			buildActionMask = 2147483647;
			files = (
				F3574D6817BE2A1700471785 /* UIKit.framework in Frameworks */,
				F3574D6A17BE2A1700471785 /* Foundation.framework in Frameworks */,
				F3574D6C17BE2A1700471785 /* CoreGraphics.framework in Frameworks */,
				172F75597BD34F38B3E45664 /* libPods.a in Frameworks */,
			);
			runOnlyForDeploymentPostprocessing = 0;
		};
/* End PBXFrameworksBuildPhase section */

/* Begin PBXGroup section */
		F313D9A918840C3E00AEDFE2 /* DefaultStyle */ = {
			isa = PBXGroup;
			children = (
				F313D9AA18840C8600AEDFE2 /* VKBubbleView+VKDefaultBubbleView.h */,
				F313D9AB18840C8600AEDFE2 /* VKBubbleView+VKDefaultBubbleView.m */,
				F313D9AD1884137F00AEDFE2 /* VKBaseBubbleCell.h */,
				F313D9AE1884137F00AEDFE2 /* VKBaseBubbleCell.m */,
				F313D9A31884015E00AEDFE2 /* VKBubbleCell+VKTextBubbleCell.h */,
				F313D9A41884015E00AEDFE2 /* VKBubbleCell+VKTextBubbleCell.m */,
			);
			name = DefaultStyle;
			sourceTree = "<group>";
		};
		F3574D5B17BE2A1600471785 = {
			isa = PBXGroup;
			children = (
				F3574D8E17BE402E00471785 /* VKMessagesViewController */,
				F3574D6D17BE2A1700471785 /* VKMessagesViewControllerTest */,
				F3574D6617BE2A1700471785 /* Frameworks */,
				F3574D6517BE2A1700471785 /* Products */,
				FCD27B2892614628A26C8BF2 /* Pods.xcconfig */,
			);
			sourceTree = "<group>";
		};
		F3574D6517BE2A1700471785 /* Products */ = {
			isa = PBXGroup;
			children = (
				F3574D6417BE2A1700471785 /* VKMessagesViewControllerTest.app */,
			);
			name = Products;
			sourceTree = "<group>";
		};
		F3574D6617BE2A1700471785 /* Frameworks */ = {
			isa = PBXGroup;
			children = (
				F3574D6717BE2A1700471785 /* UIKit.framework */,
				F3574D6917BE2A1700471785 /* Foundation.framework */,
				F3574D6B17BE2A1700471785 /* CoreGraphics.framework */,
				7F79047F4EC44DC99B18943E /* libPods.a */,
			);
			name = Frameworks;
			sourceTree = "<group>";
		};
		F3574D6D17BE2A1700471785 /* VKMessagesViewControllerTest */ = {
			isa = PBXGroup;
			children = (
				F3574D7617BE2A1700471785 /* VKAppDelegate.h */,
				F3574D7717BE2A1700471785 /* VKAppDelegate.m */,
				F3574D7F17BE2A1700471785 /* MainStoryboard.storyboard */,
				F3574D6E17BE2A1700471785 /* Supporting Files */,
				F3574DC717BE4C8200471785 /* VKViewController.h */,
				F3574DC817BE4C8200471785 /* VKViewController.m */,
			);
			path = VKMessagesViewControllerTest;
			sourceTree = "<group>";
		};
		F3574D6E17BE2A1700471785 /* Supporting Files */ = {
			isa = PBXGroup;
			children = (
				F3574D6F17BE2A1700471785 /* VKMessagesViewControllerTest-Info.plist */,
				F3574D7017BE2A1700471785 /* InfoPlist.strings */,
				F3574D7317BE2A1700471785 /* main.m */,
				F3574D7517BE2A1700471785 /* VKMessagesViewControllerTest-Prefix.pch */,
				F3574D7917BE2A1700471785 /* Default.png */,
				F3574D7B17BE2A1700471785 /* Default@2x.png */,
				F3574D7D17BE2A1700471785 /* Default-568h@2x.png */,
			);
			name = "Supporting Files";
			sourceTree = "<group>";
		};
		F3574D8E17BE402E00471785 /* VKMessagesViewController */ = {
			isa = PBXGroup;
			children = (
				F313D9A918840C3E00AEDFE2 /* DefaultStyle */,
				F3574DCA17BE4FF000471785 /* Resources */,
				F3574DA517BE422900471785 /* Tools */,
				F3574D8F17BE402E00471785 /* Views */,
				F3574DA917BE42B700471785 /* VKMenuControllerPresenter.h */,
				F3574DAA17BE42B700471785 /* VKMenuControllerPresenter.m */,
				F3574D9817BE402E00471785 /* VKMessagesViewController.h */,
				F3574D9917BE402E00471785 /* VKMessagesViewController.m */,
				F3A9B92D185F12C10095877C /* VKMessagesViewController+VKEmojiPicker.h */,
				F3A9B92E185F12C20095877C /* VKMessagesViewController+VKEmojiPicker.m */,
			);
			name = VKMessagesViewController;
			path = ../VKMessagesViewController;
			sourceTree = "<group>";
		};
		F3574D8F17BE402E00471785 /* Views */ = {
			isa = PBXGroup;
			children = (
				F3937480186C8B46004F0416 /* VKBubbleViewProperies */,
				F393747F186C8B22004F0416 /* VKBubbleView */,
				F393747E186C8B10004F0416 /* VKEmojiPicker */,
				F3574D9417BE402E00471785 /* VKBubbleCell.h */,
				F3574D9517BE402E00471785 /* VKBubbleCell.m */,
				F3574D9617BE402E00471785 /* VKTableView.h */,
				F3574D9717BE402E00471785 /* VKTableView.m */,
			);
			path = Views;
			sourceTree = "<group>";
		};
		F3574DA517BE422900471785 /* Tools */ = {
			isa = PBXGroup;
			children = (
				F31F28881861DA9800816330 /* UIActionSheet+VKBlocks.h */,
				F31F28891861DA9800816330 /* UIActionSheet+VKBlocks.m */,
				F3574DAF17BE439700471785 /* UIResponder+FirstResponder.h */,
				F3574DB017BE439800471785 /* UIResponder+FirstResponder.m */,
				F3574DAC17BE430600471785 /* UIViewController+firstResponder.h */,
				F3574DAD17BE430600471785 /* UIViewController+firstResponder.m */,
				F3574DA617BE422900471785 /* NSString+deletingLastSymbol.h */,
				F3574DA717BE422900471785 /* NSString+deletingLastSymbol.m */,
				6BD7F6E018226A0700B511A0 /* VKiOSVersionCheck.h */,
			);
			path = Tools;
			sourceTree = "<group>";
		};
		F3574DCA17BE4FF000471785 /* Resources */ = {
			isa = PBXGroup;
			children = (
				6B8D667E1822A6500024C694 /* vk_backspace_button_ios7@2x.png */,
				6B8D667F1822A6500024C694 /* vk_backspace_button_pressed_ios7@2x.png */,
				6BD7F6DC1822697400B511A0 /* vk_message_bubble_incoming_ios7@2x.png */,
				6BD7F6DD1822697400B511A0 /* vk_message_bubble_outgouing_ios7@2x.png */,
				F3574DDB17BE508200471785 /* vk_message_bubble_outgouing_selected.png */,
				F3574DDC17BE508200471785 /* vk_message_bubble_incoming_selected.png */,
				F3574DDD17BE508200471785 /* vk_message_bubble_incoming_selected@2x.png */,
				F3574DDE17BE508200471785 /* vk_message_bubble_incoming.png */,
				F3574DDF17BE508200471785 /* vk_message_bubble_incoming@2x.png */,
				F3574DE017BE508200471785 /* vk_message_bubble_outgouing_selected@2x.png */,
				F3574DE117BE508200471785 /* vk_message_bubble_outgouing.png */,
				F3574DE217BE508200471785 /* vk_message_bubble_outgouing@2x.png */,
				F3574DE317BE508200471785 /* vk_pagecontrol_empty.png */,
				F3574DE417BE508200471785 /* vk_pagecontrol_empty@2x.png */,
				F3574DE517BE508200471785 /* vk_pagecontrol_selected.png */,
				F3574DE617BE508200471785 /* vk_pagecontrol_selected@2x.png */,
				F3574DCB17BE4FF100471785 /* vk_backspace_button.png */,
				F3574DCC17BE4FF100471785 /* vk_backspace_button@2x.png */,
				F3574DCD17BE4FF100471785 /* vk_backspace_button_pressed.png */,
				F3574DCE17BE4FF100471785 /* vk_backspace_button_pressed@2x.png */,
				F3574DCF17BE4FF100471785 /* vk_keyboard_back.png */,
				F3574DD017BE4FF100471785 /* vk_keyboard_back@2x.png */,
				F3574DD117BE4FF100471785 /* vk_keyboard_overlay.png */,
				F3574DD217BE4FF100471785 /* vk_keyboard_overlay@2x.png */,
			);
			path = Resources;
			sourceTree = "<group>";
		};
		F393747E186C8B10004F0416 /* VKEmojiPicker */ = {
			isa = PBXGroup;
			children = (
				F3574D9F17BE417600471785 /* VKEmojiPicker.m */,
				F3574DA117BE417700471785 /* VKEmojiPicker.h */,
				F3574DA017BE417600471785 /* VKEmojiPicker+style.m */,
				F3574DA217BE417700471785 /* VKEmojiPicker+style.h */,
			);
			name = VKEmojiPicker;
			sourceTree = "<group>";
		};
		F393747F186C8B22004F0416 /* VKBubbleView */ = {
			isa = PBXGroup;
			children = (
				F3574D9017BE402E00471785 /* VKBubbleView.h */,
				F3574D9117BE402E00471785 /* VKBubbleView.m */,
				F3D10DD81869DB72009C03D0 /* VKTextBubbleView.h */,
				F3D10DD91869DB72009C03D0 /* VKTextBubbleView.m */,
			);
			name = VKBubbleView;
			sourceTree = "<group>";
		};
		F3937480186C8B46004F0416 /* VKBubbleViewProperies */ = {
			isa = PBXGroup;
			children = (
				F3574D9217BE402E00471785 /* VKBubbleViewProperties.h */,
				F3574D9317BE402E00471785 /* VKBubbleViewProperties.m */,
				F393747B186C8850004F0416 /* VKTextBubbleViewProperties.h */,
				F393747C186C8850004F0416 /* VKTextBubbleViewProperties.m */,
			);
			name = VKBubbleViewProperies;
			sourceTree = "<group>";
		};
/* End PBXGroup section */

/* Begin PBXNativeTarget section */
		F3574D6317BE2A1700471785 /* VKMessagesViewControllerTest */ = {
			isa = PBXNativeTarget;
			buildConfigurationList = F3574D8717BE2A1700471785 /* Build configuration list for PBXNativeTarget "VKMessagesViewControllerTest" */;
			buildPhases = (
				E3D9944C9D774AF6940A70F8 /* Check Pods Manifest.lock */,
				F3574D6017BE2A1700471785 /* Sources */,
				F3574D6117BE2A1700471785 /* Frameworks */,
				F3574D6217BE2A1700471785 /* Resources */,
				C8A65EA5534C40DA89A560A2 /* Copy Pods Resources */,
			);
			buildRules = (
			);
			dependencies = (
			);
			name = VKMessagesViewControllerTest;
			productName = VKMessagesViewControllerTest;
			productReference = F3574D6417BE2A1700471785 /* VKMessagesViewControllerTest.app */;
			productType = "com.apple.product-type.application";
		};
/* End PBXNativeTarget section */

/* Begin PBXProject section */
		F3574D5C17BE2A1600471785 /* Project object */ = {
			isa = PBXProject;
			attributes = {
				CLASSPREFIX = VK;
				LastUpgradeCheck = 0460;
				ORGANIZATIONNAME = kovtash.com;
			};
			buildConfigurationList = F3574D5F17BE2A1600471785 /* Build configuration list for PBXProject "VKMessagesViewControllerTest" */;
			compatibilityVersion = "Xcode 3.2";
			developmentRegion = English;
			hasScannedForEncodings = 0;
			knownRegions = (
				en,
			);
			mainGroup = F3574D5B17BE2A1600471785;
			productRefGroup = F3574D6517BE2A1700471785 /* Products */;
			projectDirPath = "";
			projectRoot = "";
			targets = (
				F3574D6317BE2A1700471785 /* VKMessagesViewControllerTest */,
			);
		};
/* End PBXProject section */

/* Begin PBXResourcesBuildPhase section */
		F3574D6217BE2A1700471785 /* Resources */ = {
			isa = PBXResourcesBuildPhase;
			buildActionMask = 2147483647;
			files = (
				F3574D7217BE2A1700471785 /* InfoPlist.strings in Resources */,
				F3574D7A17BE2A1700471785 /* Default.png in Resources */,
				F3574D7C17BE2A1700471785 /* Default@2x.png in Resources */,
				F3574D7E17BE2A1700471785 /* Default-568h@2x.png in Resources */,
				F3574D8117BE2A1700471785 /* MainStoryboard.storyboard in Resources */,
				F3574DD317BE4FF100471785 /* vk_backspace_button.png in Resources */,
				F3574DD417BE4FF100471785 /* vk_backspace_button@2x.png in Resources */,
				F3574DD517BE4FF100471785 /* vk_backspace_button_pressed.png in Resources */,
				F3574DD617BE4FF100471785 /* vk_backspace_button_pressed@2x.png in Resources */,
				F3574DD717BE4FF100471785 /* vk_keyboard_back.png in Resources */,
				6BD7F6DF1822697400B511A0 /* vk_message_bubble_outgouing_ios7@2x.png in Resources */,
				F3574DD817BE4FF100471785 /* vk_keyboard_back@2x.png in Resources */,
				6BD7F6DE1822697400B511A0 /* vk_message_bubble_incoming_ios7@2x.png in Resources */,
				F3574DD917BE4FF100471785 /* vk_keyboard_overlay.png in Resources */,
				F3574DDA17BE4FF100471785 /* vk_keyboard_overlay@2x.png in Resources */,
				F3574DE717BE508200471785 /* vk_message_bubble_outgouing_selected.png in Resources */,
				F3574DE817BE508200471785 /* vk_message_bubble_incoming_selected.png in Resources */,
				F3574DE917BE508200471785 /* vk_message_bubble_incoming_selected@2x.png in Resources */,
				F3574DEA17BE508200471785 /* vk_message_bubble_incoming.png in Resources */,
				F3574DEB17BE508200471785 /* vk_message_bubble_incoming@2x.png in Resources */,
				F3574DEC17BE508200471785 /* vk_message_bubble_outgouing_selected@2x.png in Resources */,
				F3574DED17BE508200471785 /* vk_message_bubble_outgouing.png in Resources */,
				F3574DEE17BE508200471785 /* vk_message_bubble_outgouing@2x.png in Resources */,
				F3574DEF17BE508200471785 /* vk_pagecontrol_empty.png in Resources */,
				6B8D66811822A6500024C694 /* vk_backspace_button_pressed_ios7@2x.png in Resources */,
				F3574DF017BE508200471785 /* vk_pagecontrol_empty@2x.png in Resources */,
				6B8D66801822A6500024C694 /* vk_backspace_button_ios7@2x.png in Resources */,
				F3574DF117BE508200471785 /* vk_pagecontrol_selected.png in Resources */,
				F3574DF217BE508200471785 /* vk_pagecontrol_selected@2x.png in Resources */,
			);
			runOnlyForDeploymentPostprocessing = 0;
		};
/* End PBXResourcesBuildPhase section */

/* Begin PBXShellScriptBuildPhase section */
		C8A65EA5534C40DA89A560A2 /* Copy Pods Resources */ = {
			isa = PBXShellScriptBuildPhase;
			buildActionMask = 2147483647;
			files = (
			);
			inputPaths = (
			);
			name = "Copy Pods Resources";
			outputPaths = (
			);
			runOnlyForDeploymentPostprocessing = 0;
			shellPath = /bin/sh;
			shellScript = "\"${SRCROOT}/Pods/Pods-resources.sh\"\n";
		};
		E3D9944C9D774AF6940A70F8 /* Check Pods Manifest.lock */ = {
			isa = PBXShellScriptBuildPhase;
			buildActionMask = 2147483647;
			files = (
			);
			inputPaths = (
			);
			name = "Check Pods Manifest.lock";
			outputPaths = (
			);
			runOnlyForDeploymentPostprocessing = 0;
			shellPath = /bin/sh;
			shellScript = "diff \"${PODS_ROOT}/../Podfile.lock\" \"${PODS_ROOT}/Manifest.lock\" > /dev/null\nif [[ $? != 0 ]] ; then\n    cat << EOM\nerror: The sandbox is not in sync with the Podfile.lock. Run 'pod install' or update your CocoaPods installation.\nEOM\n    exit 1\nfi\n";
		};
/* End PBXShellScriptBuildPhase section */

/* Begin PBXSourcesBuildPhase section */
		F3574D6017BE2A1700471785 /* Sources */ = {
			isa = PBXSourcesBuildPhase;
			buildActionMask = 2147483647;
			files = (
				F3574D7417BE2A1700471785 /* main.m in Sources */,
				F3574D7817BE2A1700471785 /* VKAppDelegate.m in Sources */,
				F3574D9A17BE402E00471785 /* VKBubbleView.m in Sources */,
				F3574D9B17BE402E00471785 /* VKBubbleViewProperties.m in Sources */,
				F3574D9C17BE402E00471785 /* VKBubbleCell.m in Sources */,
				F3574D9D17BE402E00471785 /* VKTableView.m in Sources */,
				F3574D9E17BE402E00471785 /* VKMessagesViewController.m in Sources */,
				F313D9AC18840C8600AEDFE2 /* VKBubbleView+VKDefaultBubbleView.m in Sources */,
				F3574DA317BE417700471785 /* VKEmojiPicker.m in Sources */,
				F3574DA417BE417700471785 /* VKEmojiPicker+style.m in Sources */,
				F393747D186C8851004F0416 /* VKTextBubbleViewProperties.m in Sources */,
				F3D10DDA1869DB72009C03D0 /* VKTextBubbleView.m in Sources */,
				F313D9A51884015E00AEDFE2 /* VKBubbleCell+VKTextBubbleCell.m in Sources */,
				F3574DA817BE422900471785 /* NSString+deletingLastSymbol.m in Sources */,
				F31F288A1861DA9800816330 /* UIActionSheet+VKBlocks.m in Sources */,
				F3574DAB17BE42B800471785 /* VKMenuControllerPresenter.m in Sources */,
				F3574DAE17BE430600471785 /* UIViewController+firstResponder.m in Sources */,
				F313D9AF1884137F00AEDFE2 /* VKBaseBubbleCell.m in Sources */,
				F3A9B92F185F12C20095877C /* VKMessagesViewController+VKEmojiPicker.m in Sources */,
				F3574DB117BE439800471785 /* UIResponder+FirstResponder.m in Sources */,
				F3574DC917BE4C8200471785 /* VKViewController.m in Sources */,
			);
			runOnlyForDeploymentPostprocessing = 0;
		};
/* End PBXSourcesBuildPhase section */

/* Begin PBXVariantGroup section */
		F3574D7017BE2A1700471785 /* InfoPlist.strings */ = {
			isa = PBXVariantGroup;
			children = (
				F3574D7117BE2A1700471785 /* en */,
			);
			name = InfoPlist.strings;
			sourceTree = "<group>";
		};
		F3574D7F17BE2A1700471785 /* MainStoryboard.storyboard */ = {
			isa = PBXVariantGroup;
			children = (
				F3574D8017BE2A1700471785 /* en */,
			);
			name = MainStoryboard.storyboard;
			sourceTree = "<group>";
		};
/* End PBXVariantGroup section */

/* Begin XCBuildConfiguration section */
		F3574D8517BE2A1700471785 /* Debug */ = {
			isa = XCBuildConfiguration;
			buildSettings = {
				ALWAYS_SEARCH_USER_PATHS = NO;
				CLANG_CXX_LANGUAGE_STANDARD = "gnu++0x";
				CLANG_CXX_LIBRARY = "libc++";
				CLANG_ENABLE_OBJC_ARC = YES;
				CLANG_WARN_CONSTANT_CONVERSION = YES;
				CLANG_WARN_EMPTY_BODY = YES;
				CLANG_WARN_ENUM_CONVERSION = YES;
				CLANG_WARN_INT_CONVERSION = YES;
				CLANG_WARN__DUPLICATE_METHOD_MATCH = YES;
				"CODE_SIGN_IDENTITY[sdk=iphoneos*]" = "iPhone Developer";
				COPY_PHASE_STRIP = NO;
				GCC_C_LANGUAGE_STANDARD = gnu99;
				GCC_DYNAMIC_NO_PIC = NO;
				GCC_OPTIMIZATION_LEVEL = 0;
				GCC_PREPROCESSOR_DEFINITIONS = (
					"DEBUG=1",
					"$(inherited)",
				);
				GCC_SYMBOLS_PRIVATE_EXTERN = NO;
				GCC_WARN_ABOUT_RETURN_TYPE = YES;
				GCC_WARN_UNINITIALIZED_AUTOS = YES;
				GCC_WARN_UNUSED_VARIABLE = YES;
				IPHONEOS_DEPLOYMENT_TARGET = 6.1;
				ONLY_ACTIVE_ARCH = YES;
				SDKROOT = iphoneos;
			};
			name = Debug;
		};
		F3574D8617BE2A1700471785 /* Release */ = {
			isa = XCBuildConfiguration;
			buildSettings = {
				ALWAYS_SEARCH_USER_PATHS = NO;
				CLANG_CXX_LANGUAGE_STANDARD = "gnu++0x";
				CLANG_CXX_LIBRARY = "libc++";
				CLANG_ENABLE_OBJC_ARC = YES;
				CLANG_WARN_CONSTANT_CONVERSION = YES;
				CLANG_WARN_EMPTY_BODY = YES;
				CLANG_WARN_ENUM_CONVERSION = YES;
				CLANG_WARN_INT_CONVERSION = YES;
				CLANG_WARN__DUPLICATE_METHOD_MATCH = YES;
				"CODE_SIGN_IDENTITY[sdk=iphoneos*]" = "iPhone Developer";
				COPY_PHASE_STRIP = YES;
				GCC_C_LANGUAGE_STANDARD = gnu99;
				GCC_WARN_ABOUT_RETURN_TYPE = YES;
				GCC_WARN_UNINITIALIZED_AUTOS = YES;
				GCC_WARN_UNUSED_VARIABLE = YES;
				IPHONEOS_DEPLOYMENT_TARGET = 6.1;
				OTHER_CFLAGS = "-DNS_BLOCK_ASSERTIONS=1";
				SDKROOT = iphoneos;
				VALIDATE_PRODUCT = YES;
			};
			name = Release;
		};
		F3574D8817BE2A1700471785 /* Debug */ = {
			isa = XCBuildConfiguration;
			baseConfigurationReference = FCD27B2892614628A26C8BF2 /* Pods.xcconfig */;
			buildSettings = {
				GCC_PRECOMPILE_PREFIX_HEADER = YES;
				GCC_PREFIX_HEADER = "VKMessagesViewControllerTest/VKMessagesViewControllerTest-Prefix.pch";
				INFOPLIST_FILE = "VKMessagesViewControllerTest/VKMessagesViewControllerTest-Info.plist";
				IPHONEOS_DEPLOYMENT_TARGET = 5.1;
				PRODUCT_NAME = "$(TARGET_NAME)";
				TARGETED_DEVICE_FAMILY = 1;
				WRAPPER_EXTENSION = app;
			};
			name = Debug;
		};
		F3574D8917BE2A1700471785 /* Release */ = {
			isa = XCBuildConfiguration;
			baseConfigurationReference = FCD27B2892614628A26C8BF2 /* Pods.xcconfig */;
			buildSettings = {
				GCC_PRECOMPILE_PREFIX_HEADER = YES;
				GCC_PREFIX_HEADER = "VKMessagesViewControllerTest/VKMessagesViewControllerTest-Prefix.pch";
				INFOPLIST_FILE = "VKMessagesViewControllerTest/VKMessagesViewControllerTest-Info.plist";
				IPHONEOS_DEPLOYMENT_TARGET = 5.1;
				PRODUCT_NAME = "$(TARGET_NAME)";
				TARGETED_DEVICE_FAMILY = 1;
				WRAPPER_EXTENSION = app;
			};
			name = Release;
		};
/* End XCBuildConfiguration section */

/* Begin XCConfigurationList section */
		F3574D5F17BE2A1600471785 /* Build configuration list for PBXProject "VKMessagesViewControllerTest" */ = {
			isa = XCConfigurationList;
			buildConfigurations = (
				F3574D8517BE2A1700471785 /* Debug */,
				F3574D8617BE2A1700471785 /* Release */,
			);
			defaultConfigurationIsVisible = 0;
			defaultConfigurationName = Release;
		};
		F3574D8717BE2A1700471785 /* Build configuration list for PBXNativeTarget "VKMessagesViewControllerTest" */ = {
			isa = XCConfigurationList;
			buildConfigurations = (
				F3574D8817BE2A1700471785 /* Debug */,
				F3574D8917BE2A1700471785 /* Release */,
			);
			defaultConfigurationIsVisible = 0;
			defaultConfigurationName = Release;
		};
/* End XCConfigurationList section */
	};
	rootObject = F3574D5C17BE2A1600471785 /* Project object */;
}
